
Microsoft Visual Studio Solution File, Format Version 12.00
# Visual Studio Version 17
VisualStudioVersion = 17.10.34928.147
MinimumVisualStudioVersion = 10.0.40219.1
Project("{FAE04EC0-301F-11D3-BF4B-00C04F79EFBC}") = "ContactsAPI", "ContactsAPI\ContactsAPI.csproj", "{C4D303E8-AD36-4510-A178-E619E3D91903}"
EndProject
Project("{FAE04EC0-301F-11D3-BF4B-00C04F79EFBC}") = "Contacts_Utility", "SD\Contacts_Utility.csproj", "{EC5DBA56-7A7C-4984-9332-DA7C599D65B2}"
EndProject
Project("{FAE04EC0-301F-11D3-BF4B-00C04F79EFBC}") = "ContactsMVC", "ContactsMVC\ContactsMVC.csproj", "{ADF44677-D9F8-4DE8-950F-72660E2115DC}"
EndProject
Global
	GlobalSection(SolutionConfigurationPlatforms) = preSolution
		Debug|Any CPU = Debug|Any CPU
		Release|Any CPU = Release|Any CPU
	EndGlobalSection
	GlobalSection(ProjectConfigurationPlatforms) = postSolution
		{C4D303E8-AD36-4510-A178-E619E3D91903}.Debug|Any CPU.ActiveCfg = Debug|Any CPU
		{C4D303E8-AD36-4510-A178-E619E3D91903}.Debug|Any CPU.Build.0 = Debug|Any CPU
		{C4D303E8-AD36-4510-A178-E619E3D91903}.Release|Any CPU.ActiveCfg = Release|Any CPU
		{C4D303E8-AD36-4510-A178-E619E3D91903}.Release|Any CPU.Build.0 = Release|Any CPU
		{EC5DBA56-7A7C-4984-9332-DA7C599D65B2}.Debug|Any CPU.ActiveCfg = Debug|Any CPU
		{EC5DBA56-7A7C-4984-9332-DA7C599D65B2}.Debug|Any CPU.Build.0 = Debug|Any CPU
		{EC5DBA56-7A7C-4984-9332-DA7C599D65B2}.Release|Any CPU.ActiveCfg = Release|Any CPU
		{EC5DBA56-7A7C-4984-9332-DA7C599D65B2}.Release|Any CPU.Build.0 = Release|Any CPU
		{ADF44677-D9F8-4DE8-950F-72660E2115DC}.Debug|Any CPU.ActiveCfg = Debug|Any CPU
		{ADF44677-D9F8-4DE8-950F-72660E2115DC}.Debug|Any CPU.Build.0 = Debug|Any CPU
		{ADF44677-D9F8-4DE8-950F-72660E2115DC}.Release|Any CPU.ActiveCfg = Release|Any CPU
		{ADF44677-D9F8-4DE8-950F-72660E2115DC}.Release|Any CPU.Build.0 = Release|Any CPU
	EndGlobalSection
	GlobalSection(SolutionProperties) = preSolution
		HideSolutionNode = FALSE
	EndGlobalSection
	GlobalSection(ExtensibilityGlobals) = postSolution
		SolutionGuid = {AEAA15EA-6F92-4265-A321-A5D8A020B476}
	EndGlobalSection
EndGlobal
